// !$*UTF8*$!
{
	archiveVersion = 1;
	classes = {
	};
	objectVersion = 70;
	objects = {

/* Begin PBXBuildFile section */
		FAB4FB94294ACEE000B7B1D1 /* CardUtilsTests.swift in Sources */ = {isa = PBXBuildFile; fileRef = FAB4FB93294ACEE000B7B1D1 /* CardUtilsTests.swift */; };
		FAB4FB95294ACF0400B7B1D1 /* Card.swift in Sources */ = {isa = PBXBuildFile; fileRef = FAEF31A929467FCA00B9F75C /* Card.swift */; };
		FAB4FB99294AE6BE00B7B1D1 /* Game.swift in Sources */ = {isa = PBXBuildFile; fileRef = FAB4FB98294AE6BE00B7B1D1 /* Game.swift */; };
		FAB4FB9B294AE85B00B7B1D1 /* GameDetailView.swift in Sources */ = {isa = PBXBuildFile; fileRef = FAB4FB9A294AE85B00B7B1D1 /* GameDetailView.swift */; };
		FABCA4492D74D55400CE57F8 /* Poker Face watchOS Watch App.app in Embed Watch Content */ = {isa = PBXBuildFile; fileRef = FABCA43C2D74D55300CE57F8 /* Poker Face watchOS Watch App.app */; settings = {ATTRIBUTES = (RemoveHeadersOnCopy, ); }; };
		FABCA44E2D74D5C200CE57F8 /* Card.swift in Sources */ = {isa = PBXBuildFile; fileRef = FAEF31A929467FCA00B9F75C /* Card.swift */; };
		FABCA44F2D74D68C00CE57F8 /* QuickReferenceView.swift in Sources */ = {isa = PBXBuildFile; fileRef = FAEF31A729467EB900B9F75C /* QuickReferenceView.swift */; };
		FABCA53B2D74E72000CE57F8 /* GameDetailView.swift in Sources */ = {isa = PBXBuildFile; fileRef = FAB4FB9A294AE85B00B7B1D1 /* GameDetailView.swift */; };
		FABCA53C2D74E72500CE57F8 /* QuickReferenceView.swift in Sources */ = {isa = PBXBuildFile; fileRef = FAEF31A729467EB900B9F75C /* QuickReferenceView.swift */; };
		FABCA53D2D74E72900CE57F8 /* Card.swift in Sources */ = {isa = PBXBuildFile; fileRef = FAEF31A929467FCA00B9F75C /* Card.swift */; };
		FABCA53E2D74E74800CE57F8 /* Game.swift in Sources */ = {isa = PBXBuildFile; fileRef = FAB4FB98294AE6BE00B7B1D1 /* Game.swift */; };
		FABCA53F2D74E74D00CE57F8 /* ModelData.swift in Sources */ = {isa = PBXBuildFile; fileRef = FAD893DC2953F4A100B3C871 /* ModelData.swift */; };
		FABCA5402D74E75200CE57F8 /* games.json in Resources */ = {isa = PBXBuildFile; fileRef = FAD893D92953F46200B3C871 /* games.json */; };
		FABCA5412D74E84400CE57F8 /* ContentView.swift in Sources */ = {isa = PBXBuildFile; fileRef = FAEF319B29467EA100B9F75C /* ContentView.swift */; };
		FAD893DA2953F46200B3C871 /* games.json in Resources */ = {isa = PBXBuildFile; fileRef = FAD893D92953F46200B3C871 /* games.json */; };
		FAD893DD2953F4A100B3C871 /* ModelData.swift in Sources */ = {isa = PBXBuildFile; fileRef = FAD893DC2953F4A100B3C871 /* ModelData.swift */; };
		FAEF319A29467EA100B9F75C /* Poker_FaceApp.swift in Sources */ = {isa = PBXBuildFile; fileRef = FAEF319929467EA100B9F75C /* Poker_FaceApp.swift */; };
		FAEF319C29467EA100B9F75C /* ContentView.swift in Sources */ = {isa = PBXBuildFile; fileRef = FAEF319B29467EA100B9F75C /* ContentView.swift */; };
		FAEF319E29467EA200B9F75C /* Assets.xcassets in Resources */ = {isa = PBXBuildFile; fileRef = FAEF319D29467EA200B9F75C /* Assets.xcassets */; };
		FAEF31A129467EA200B9F75C /* Preview Assets.xcassets in Resources */ = {isa = PBXBuildFile; fileRef = FAEF31A029467EA200B9F75C /* Preview Assets.xcassets */; };
		FAEF31A829467EB900B9F75C /* QuickReferenceView.swift in Sources */ = {isa = PBXBuildFile; fileRef = FAEF31A729467EB900B9F75C /* QuickReferenceView.swift */; };
		FAEF31AA29467FCA00B9F75C /* Card.swift in Sources */ = {isa = PBXBuildFile; fileRef = FAEF31A929467FCA00B9F75C /* Card.swift */; };
/* End PBXBuildFile section */

/* Begin PBXContainerItemProxy section */
		FAB4FB8E294ACED600B7B1D1 /* PBXContainerItemProxy */ = {
			isa = PBXContainerItemProxy;
			containerPortal = FAEF318E29467EA100B9F75C /* Project object */;
			proxyType = 1;
			remoteGlobalIDString = FAEF319529467EA100B9F75C;
			remoteInfo = "Poker Face";
		};
		FABCA4472D74D55400CE57F8 /* PBXContainerItemProxy */ = {
			isa = PBXContainerItemProxy;
			containerPortal = FAEF318E29467EA100B9F75C /* Project object */;
			proxyType = 1;
			remoteGlobalIDString = FABCA43B2D74D55300CE57F8;
			remoteInfo = "Poker Face watchOS Watch App";
		};
/* End PBXContainerItemProxy section */

/* Begin PBXCopyFilesBuildPhase section */
		FABCA44A2D74D55400CE57F8 /* Embed Watch Content */ = {
			isa = PBXCopyFilesBuildPhase;
			buildActionMask = 2147483647;
			dstPath = "$(CONTENTS_FOLDER_PATH)/Watch";
			dstSubfolderSpec = 16;
			files = (
				FABCA4492D74D55400CE57F8 /* Poker Face watchOS Watch App.app in Embed Watch Content */,
			);
			name = "Embed Watch Content";
			runOnlyForDeploymentPostprocessing = 0;
		};
/* End PBXCopyFilesBuildPhase section */

/* Begin PBXFileReference section */
		FAB4FB8A294ACED600B7B1D1 /* Poker FaceTests.xctest */ = {isa = PBXFileReference; explicitFileType = wrapper.cfbundle; includeInIndex = 0; path = "Poker FaceTests.xctest"; sourceTree = BUILT_PRODUCTS_DIR; };
		FAB4FB93294ACEE000B7B1D1 /* CardUtilsTests.swift */ = {isa = PBXFileReference; lastKnownFileType = sourcecode.swift; path = CardUtilsTests.swift; sourceTree = "<group>"; };
		FAB4FB98294AE6BE00B7B1D1 /* Game.swift */ = {isa = PBXFileReference; lastKnownFileType = sourcecode.swift; path = Game.swift; sourceTree = "<group>"; };
		FAB4FB9A294AE85B00B7B1D1 /* GameDetailView.swift */ = {isa = PBXFileReference; lastKnownFileType = sourcecode.swift; path = GameDetailView.swift; sourceTree = "<group>"; };
		FABCA43C2D74D55300CE57F8 /* Poker Face watchOS Watch App.app */ = {isa = PBXFileReference; explicitFileType = wrapper.application; includeInIndex = 0; path = "Poker Face watchOS Watch App.app"; sourceTree = BUILT_PRODUCTS_DIR; };
		FABCA5272D74E66200CE57F8 /* Poker Face visionOS.app */ = {isa = PBXFileReference; explicitFileType = wrapper.application; includeInIndex = 0; path = "Poker Face visionOS.app"; sourceTree = BUILT_PRODUCTS_DIR; };
		FAD893D92953F46200B3C871 /* games.json */ = {isa = PBXFileReference; lastKnownFileType = text.json; path = games.json; sourceTree = "<group>"; };
		FAD893DC2953F4A100B3C871 /* ModelData.swift */ = {isa = PBXFileReference; lastKnownFileType = sourcecode.swift; path = ModelData.swift; sourceTree = "<group>"; };
		FAEF319629467EA100B9F75C /* Poker Face.app */ = {isa = PBXFileReference; explicitFileType = wrapper.application; includeInIndex = 0; path = "Poker Face.app"; sourceTree = BUILT_PRODUCTS_DIR; };
		FAEF319929467EA100B9F75C /* Poker_FaceApp.swift */ = {isa = PBXFileReference; lastKnownFileType = sourcecode.swift; path = Poker_FaceApp.swift; sourceTree = "<group>"; };
		FAEF319B29467EA100B9F75C /* ContentView.swift */ = {isa = PBXFileReference; lastKnownFileType = sourcecode.swift; path = ContentView.swift; sourceTree = "<group>"; };
		FAEF319D29467EA200B9F75C /* Assets.xcassets */ = {isa = PBXFileReference; lastKnownFileType = folder.assetcatalog; path = Assets.xcassets; sourceTree = "<group>"; };
		FAEF31A029467EA200B9F75C /* Preview Assets.xcassets */ = {isa = PBXFileReference; lastKnownFileType = folder.assetcatalog; path = "Preview Assets.xcassets"; sourceTree = "<group>"; };
		FAEF31A729467EB900B9F75C /* QuickReferenceView.swift */ = {isa = PBXFileReference; lastKnownFileType = sourcecode.swift; path = QuickReferenceView.swift; sourceTree = "<group>"; };
		FAEF31A929467FCA00B9F75C /* Card.swift */ = {isa = PBXFileReference; lastKnownFileType = sourcecode.swift; path = Card.swift; sourceTree = "<group>"; };
/* End PBXFileReference section */

/* Begin PBXFileSystemSynchronizedBuildFileExceptionSet section */
		FABCA5372D74E66300CE57F8 /* PBXFileSystemSynchronizedBuildFileExceptionSet */ = {
			isa = PBXFileSystemSynchronizedBuildFileExceptionSet;
			membershipExceptions = (
				Info.plist,
			);
			target = FABCA5262D74E66200CE57F8 /* Poker Face visionOS */;
		};
/* End PBXFileSystemSynchronizedBuildFileExceptionSet section */

/* Begin PBXFileSystemSynchronizedRootGroup section */
		FABCA43D2D74D55300CE57F8 /* Poker Face watchOS Watch App */ = {isa = PBXFileSystemSynchronizedRootGroup; explicitFileTypes = {}; explicitFolders = (); path = "Poker Face watchOS Watch App"; sourceTree = "<group>"; };
		FABCA5282D74E66200CE57F8 /* Poker Face visionOS */ = {isa = PBXFileSystemSynchronizedRootGroup; exceptions = (FABCA5372D74E66300CE57F8 /* PBXFileSystemSynchronizedBuildFileExceptionSet */, ); explicitFileTypes = {}; explicitFolders = (); path = "Poker Face visionOS"; sourceTree = "<group>"; };
/* End PBXFileSystemSynchronizedRootGroup section */

/* Begin PBXFrameworksBuildPhase section */
		FAB4FB87294ACED600B7B1D1 /* Frameworks */ = {
			isa = PBXFrameworksBuildPhase;
			buildActionMask = 2147483647;
			files = (
			);
			runOnlyForDeploymentPostprocessing = 0;
		};
		FABCA4392D74D55300CE57F8 /* Frameworks */ = {
			isa = PBXFrameworksBuildPhase;
			buildActionMask = 2147483647;
			files = (
			);
			runOnlyForDeploymentPostprocessing = 0;
		};
		FABCA5242D74E66200CE57F8 /* Frameworks */ = {
			isa = PBXFrameworksBuildPhase;
			buildActionMask = 2147483647;
			files = (
			);
			runOnlyForDeploymentPostprocessing = 0;
		};
		FAEF319329467EA100B9F75C /* Frameworks */ = {
			isa = PBXFrameworksBuildPhase;
			buildActionMask = 2147483647;
			files = (
			);
			runOnlyForDeploymentPostprocessing = 0;
		};
/* End PBXFrameworksBuildPhase section */

/* Begin PBXGroup section */
		FAB4FB8B294ACED600B7B1D1 /* Poker FaceTests */ = {
			isa = PBXGroup;
			children = (
				FAB4FB93294ACEE000B7B1D1 /* CardUtilsTests.swift */,
			);
			path = "Poker FaceTests";
			sourceTree = "<group>";
		};
		FAD893D82953F45700B3C871 /* Resources */ = {
			isa = PBXGroup;
			children = (
				FAD893D92953F46200B3C871 /* games.json */,
			);
			path = Resources;
			sourceTree = "<group>";
		};
		FAD893DB2953F47400B3C871 /* Model */ = {
			isa = PBXGroup;
			children = (
				FAB4FB98294AE6BE00B7B1D1 /* Game.swift */,
				FAD893DC2953F4A100B3C871 /* ModelData.swift */,
			);
			path = Model;
			sourceTree = "<group>";
		};
		FAEF318D29467EA100B9F75C = {
			isa = PBXGroup;
			children = (
				FAEF319829467EA100B9F75C /* Poker Face */,
				FAB4FB8B294ACED600B7B1D1 /* Poker FaceTests */,
				FABCA43D2D74D55300CE57F8 /* Poker Face watchOS Watch App */,
				FABCA5282D74E66200CE57F8 /* Poker Face visionOS */,
				FAEF319729467EA100B9F75C /* Products */,
			);
			sourceTree = "<group>";
		};
		FAEF319729467EA100B9F75C /* Products */ = {
			isa = PBXGroup;
			children = (
				FAEF319629467EA100B9F75C /* Poker Face.app */,
				FAB4FB8A294ACED600B7B1D1 /* Poker FaceTests.xctest */,
				FABCA43C2D74D55300CE57F8 /* Poker Face watchOS Watch App.app */,
				FABCA5272D74E66200CE57F8 /* Poker Face visionOS.app */,
			);
			name = Products;
			sourceTree = "<group>";
		};
		FAEF319829467EA100B9F75C /* Poker Face */ = {
			isa = PBXGroup;
			children = (
				FAD893DB2953F47400B3C871 /* Model */,
				FAD893D82953F45700B3C871 /* Resources */,
				FAEF319929467EA100B9F75C /* Poker_FaceApp.swift */,
				FAEF319B29467EA100B9F75C /* ContentView.swift */,
				FAB4FB9A294AE85B00B7B1D1 /* GameDetailView.swift */,
				FAEF31A729467EB900B9F75C /* QuickReferenceView.swift */,
				FAEF31A929467FCA00B9F75C /* Card.swift */,
				FAEF319D29467EA200B9F75C /* Assets.xcassets */,
				FAEF319F29467EA200B9F75C /* Preview Content */,
			);
			path = "Poker Face";
			sourceTree = "<group>";
		};
		FAEF319F29467EA200B9F75C /* Preview Content */ = {
			isa = PBXGroup;
			children = (
				FAEF31A029467EA200B9F75C /* Preview Assets.xcassets */,
			);
			path = "Preview Content";
			sourceTree = "<group>";
		};
/* End PBXGroup section */

/* Begin PBXNativeTarget section */
		FAB4FB89294ACED600B7B1D1 /* Poker FaceTests */ = {
			isa = PBXNativeTarget;
			buildConfigurationList = FAB4FB92294ACED600B7B1D1 /* Build configuration list for PBXNativeTarget "Poker FaceTests" */;
			buildPhases = (
				FAB4FB86294ACED600B7B1D1 /* Sources */,
				FAB4FB87294ACED600B7B1D1 /* Frameworks */,
				FAB4FB88294ACED600B7B1D1 /* Resources */,
			);
			buildRules = (
			);
			dependencies = (
				FAB4FB8F294ACED600B7B1D1 /* PBXTargetDependency */,
			);
			name = "Poker FaceTests";
			productName = "Poker FaceTests";
			productReference = FAB4FB8A294ACED600B7B1D1 /* Poker FaceTests.xctest */;
			productType = "com.apple.product-type.bundle.unit-test";
		};
		FABCA43B2D74D55300CE57F8 /* Poker Face watchOS Watch App */ = {
			isa = PBXNativeTarget;
			buildConfigurationList = FABCA44D2D74D55400CE57F8 /* Build configuration list for PBXNativeTarget "Poker Face watchOS Watch App" */;
			buildPhases = (
				FABCA4382D74D55300CE57F8 /* Sources */,
				FABCA4392D74D55300CE57F8 /* Frameworks */,
				FABCA43A2D74D55300CE57F8 /* Resources */,
			);
			buildRules = (
			);
			dependencies = (
			);
			fileSystemSynchronizedGroups = (
				FABCA43D2D74D55300CE57F8 /* Poker Face watchOS Watch App */,
			);
			name = "Poker Face watchOS Watch App";
			packageProductDependencies = (
			);
			productName = "Poker Face watchOS Watch App";
			productReference = FABCA43C2D74D55300CE57F8 /* Poker Face watchOS Watch App.app */;
			productType = "com.apple.product-type.application";
		};
		FABCA5262D74E66200CE57F8 /* Poker Face visionOS */ = {
			isa = PBXNativeTarget;
			buildConfigurationList = FABCA5382D74E66300CE57F8 /* Build configuration list for PBXNativeTarget "Poker Face visionOS" */;
			buildPhases = (
				FABCA5232D74E66200CE57F8 /* Sources */,
				FABCA5242D74E66200CE57F8 /* Frameworks */,
				FABCA5252D74E66200CE57F8 /* Resources */,
			);
			buildRules = (
			);
			dependencies = (
			);
			fileSystemSynchronizedGroups = (
				FABCA5282D74E66200CE57F8 /* Poker Face visionOS */,
			);
			name = "Poker Face visionOS";
			packageProductDependencies = (
			);
			productName = "Poker Face visionOS";
			productReference = FABCA5272D74E66200CE57F8 /* Poker Face visionOS.app */;
			productType = "com.apple.product-type.application";
		};
		FAEF319529467EA100B9F75C /* Poker Face */ = {
			isa = PBXNativeTarget;
			buildConfigurationList = FAEF31A429467EA200B9F75C /* Build configuration list for PBXNativeTarget "Poker Face" */;
			buildPhases = (
				FAEF319229467EA100B9F75C /* Sources */,
				FAEF319329467EA100B9F75C /* Frameworks */,
				FAEF319429467EA100B9F75C /* Resources */,
				FABCA44A2D74D55400CE57F8 /* Embed Watch Content */,
			);
			buildRules = (
			);
			dependencies = (
				FABCA4482D74D55400CE57F8 /* PBXTargetDependency */,
			);
			name = "Poker Face";
			productName = "Poker Face";
			productReference = FAEF319629467EA100B9F75C /* Poker Face.app */;
			productType = "com.apple.product-type.application";
		};
/* End PBXNativeTarget section */

/* Begin PBXProject section */
		FAEF318E29467EA100B9F75C /* Project object */ = {
			isa = PBXProject;
			attributes = {
				BuildIndependentTargetsInParallel = 1;
				LastSwiftUpdateCheck = 1620;
				LastUpgradeCheck = 1410;
				TargetAttributes = {
					FAB4FB89294ACED600B7B1D1 = {
						CreatedOnToolsVersion = 14.1;
						TestTargetID = FAEF319529467EA100B9F75C;
					};
					FABCA43B2D74D55300CE57F8 = {
						CreatedOnToolsVersion = 16.2;
					};
					FABCA5262D74E66200CE57F8 = {
						CreatedOnToolsVersion = 16.2;
					};
					FAEF319529467EA100B9F75C = {
						CreatedOnToolsVersion = 14.1;
					};
				};
			};
			buildConfigurationList = FAEF319129467EA100B9F75C /* Build configuration list for PBXProject "Poker Face" */;
			compatibilityVersion = "Xcode 14.0";
			developmentRegion = en;
			hasScannedForEncodings = 0;
			knownRegions = (
				en,
				Base,
			);
			mainGroup = FAEF318D29467EA100B9F75C;
			productRefGroup = FAEF319729467EA100B9F75C /* Products */;
			projectDirPath = "";
			projectRoot = "";
			targets = (
				FAEF319529467EA100B9F75C /* Poker Face */,
				FAB4FB89294ACED600B7B1D1 /* Poker FaceTests */,
				FABCA43B2D74D55300CE57F8 /* Poker Face watchOS Watch App */,
				FABCA5262D74E66200CE57F8 /* Poker Face visionOS */,
			);
		};
/* End PBXProject section */

/* Begin PBXResourcesBuildPhase section */
		FAB4FB88294ACED600B7B1D1 /* Resources */ = {
			isa = PBXResourcesBuildPhase;
			buildActionMask = 2147483647;
			files = (
			);
			runOnlyForDeploymentPostprocessing = 0;
		};
		FABCA43A2D74D55300CE57F8 /* Resources */ = {
			isa = PBXResourcesBuildPhase;
			buildActionMask = 2147483647;
			files = (
			);
			runOnlyForDeploymentPostprocessing = 0;
		};
		FABCA5252D74E66200CE57F8 /* Resources */ = {
			isa = PBXResourcesBuildPhase;
			buildActionMask = 2147483647;
			files = (
				FABCA5402D74E75200CE57F8 /* games.json in Resources */,
			);
			runOnlyForDeploymentPostprocessing = 0;
		};
		FAEF319429467EA100B9F75C /* Resources */ = {
			isa = PBXResourcesBuildPhase;
			buildActionMask = 2147483647;
			files = (
				FAEF31A129467EA200B9F75C /* Preview Assets.xcassets in Resources */,
				FAD893DA2953F46200B3C871 /* games.json in Resources */,
				FAEF319E29467EA200B9F75C /* Assets.xcassets in Resources */,
			);
			runOnlyForDeploymentPostprocessing = 0;
		};
/* End PBXResourcesBuildPhase section */

/* Begin PBXSourcesBuildPhase section */
		FAB4FB86294ACED600B7B1D1 /* Sources */ = {
			isa = PBXSourcesBuildPhase;
			buildActionMask = 2147483647;
			files = (
				FAB4FB95294ACF0400B7B1D1 /* Card.swift in Sources */,
				FAB4FB94294ACEE000B7B1D1 /* CardUtilsTests.swift in Sources */,
			);
			runOnlyForDeploymentPostprocessing = 0;
		};
		FABCA4382D74D55300CE57F8 /* Sources */ = {
			isa = PBXSourcesBuildPhase;
			buildActionMask = 2147483647;
			files = (
				FABCA44E2D74D5C200CE57F8 /* Card.swift in Sources */,
				FABCA44F2D74D68C00CE57F8 /* QuickReferenceView.swift in Sources */,
			);
			runOnlyForDeploymentPostprocessing = 0;
		};
		FABCA5232D74E66200CE57F8 /* Sources */ = {
			isa = PBXSourcesBuildPhase;
			buildActionMask = 2147483647;
			files = (
				FABCA53B2D74E72000CE57F8 /* GameDetailView.swift in Sources */,
				FABCA53E2D74E74800CE57F8 /* Game.swift in Sources */,
				FABCA5412D74E84400CE57F8 /* ContentView.swift in Sources */,
				FABCA53D2D74E72900CE57F8 /* Card.swift in Sources */,
				FABCA53C2D74E72500CE57F8 /* QuickReferenceView.swift in Sources */,
				FABCA53F2D74E74D00CE57F8 /* ModelData.swift in Sources */,
			);
			runOnlyForDeploymentPostprocessing = 0;
		};
		FAEF319229467EA100B9F75C /* Sources */ = {
			isa = PBXSourcesBuildPhase;
			buildActionMask = 2147483647;
			files = (
				FAEF31A829467EB900B9F75C /* QuickReferenceView.swift in Sources */,
				FAB4FB99294AE6BE00B7B1D1 /* Game.swift in Sources */,
				FAEF319C29467EA100B9F75C /* ContentView.swift in Sources */,
				FAEF319A29467EA100B9F75C /* Poker_FaceApp.swift in Sources */,
				FAB4FB9B294AE85B00B7B1D1 /* GameDetailView.swift in Sources */,
				FAEF31AA29467FCA00B9F75C /* Card.swift in Sources */,
				FAD893DD2953F4A100B3C871 /* ModelData.swift in Sources */,
			);
			runOnlyForDeploymentPostprocessing = 0;
		};
/* End PBXSourcesBuildPhase section */

/* Begin PBXTargetDependency section */
		FAB4FB8F294ACED600B7B1D1 /* PBXTargetDependency */ = {
			isa = PBXTargetDependency;
			target = FAEF319529467EA100B9F75C /* Poker Face */;
			targetProxy = FAB4FB8E294ACED600B7B1D1 /* PBXContainerItemProxy */;
		};
		FABCA4482D74D55400CE57F8 /* PBXTargetDependency */ = {
			isa = PBXTargetDependency;
			target = FABCA43B2D74D55300CE57F8 /* Poker Face watchOS Watch App */;
			targetProxy = FABCA4472D74D55400CE57F8 /* PBXContainerItemProxy */;
		};
/* End PBXTargetDependency section */

/* Begin XCBuildConfiguration section */
		FAB4FB90294ACED600B7B1D1 /* Debug */ = {
			isa = XCBuildConfiguration;
			buildSettings = {
				BUNDLE_LOADER = "$(TEST_HOST)";
				CODE_SIGN_STYLE = Automatic;
				CURRENT_PROJECT_VERSION = 1;
				DEVELOPMENT_TEAM = 3F83W36QSV;
				GENERATE_INFOPLIST_FILE = YES;
				MARKETING_VERSION = 1.0;
				PRODUCT_BUNDLE_IDENTIFIER = "com.alexsmbaratti.Poker-FaceTests";
				PRODUCT_NAME = "$(TARGET_NAME)";
				SWIFT_EMIT_LOC_STRINGS = NO;
				SWIFT_VERSION = 5.0;
				TARGETED_DEVICE_FAMILY = "1,2";
				TEST_HOST = "$(BUILT_PRODUCTS_DIR)/Poker Face.app/$(BUNDLE_EXECUTABLE_FOLDER_PATH)/Poker Face";
			};
			name = Debug;
		};
		FAB4FB91294ACED600B7B1D1 /* Release */ = {
			isa = XCBuildConfiguration;
			buildSettings = {
				BUNDLE_LOADER = "$(TEST_HOST)";
				CODE_SIGN_STYLE = Automatic;
				CURRENT_PROJECT_VERSION = 1;
				DEVELOPMENT_TEAM = 3F83W36QSV;
				GENERATE_INFOPLIST_FILE = YES;
				MARKETING_VERSION = 1.0;
				PRODUCT_BUNDLE_IDENTIFIER = "com.alexsmbaratti.Poker-FaceTests";
				PRODUCT_NAME = "$(TARGET_NAME)";
				SWIFT_EMIT_LOC_STRINGS = NO;
				SWIFT_VERSION = 5.0;
				TARGETED_DEVICE_FAMILY = "1,2";
				TEST_HOST = "$(BUILT_PRODUCTS_DIR)/Poker Face.app/$(BUNDLE_EXECUTABLE_FOLDER_PATH)/Poker Face";
			};
			name = Release;
		};
		FABCA44B2D74D55400CE57F8 /* Debug */ = {
			isa = XCBuildConfiguration;
			buildSettings = {
				ASSETCATALOG_COMPILER_APPICON_NAME = AppIcon;
				ASSETCATALOG_COMPILER_GENERATE_SWIFT_ASSET_SYMBOL_EXTENSIONS = YES;
				ASSETCATALOG_COMPILER_GLOBAL_ACCENT_COLOR_NAME = AccentColor;
				CODE_SIGN_STYLE = Automatic;
				CURRENT_PROJECT_VERSION = 1;
				DEVELOPMENT_ASSET_PATHS = "\"Poker Face watchOS Watch App/Preview Content\"";
				DEVELOPMENT_TEAM = 3F83W36QSV;
				ENABLE_PREVIEWS = YES;
				ENABLE_USER_SCRIPT_SANDBOXING = YES;
				GCC_C_LANGUAGE_STANDARD = gnu17;
				GENERATE_INFOPLIST_FILE = YES;
				INFOPLIST_KEY_CFBundleDisplayName = "Poker Face watchOS";
				INFOPLIST_KEY_UISupportedInterfaceOrientations = "UIInterfaceOrientationPortrait UIInterfaceOrientationPortraitUpsideDown";
				INFOPLIST_KEY_WKCompanionAppBundleIdentifier = "com.alexsmbaratti.Poker-Face";
				LD_RUNPATH_SEARCH_PATHS = (
					"$(inherited)",
					"@executable_path/Frameworks",
				);
				LOCALIZATION_PREFERS_STRING_CATALOGS = YES;
				MARKETING_VERSION = 1.0;
				PRODUCT_BUNDLE_IDENTIFIER = "com.alexsmbaratti.Poker-Face.watchkitapp";
				PRODUCT_NAME = "$(TARGET_NAME)";
				SDKROOT = watchos;
				SKIP_INSTALL = YES;
				SWIFT_ACTIVE_COMPILATION_CONDITIONS = "DEBUG $(inherited)";
				SWIFT_EMIT_LOC_STRINGS = YES;
				SWIFT_VERSION = 5.0;
				TARGETED_DEVICE_FAMILY = 4;
				WATCHOS_DEPLOYMENT_TARGET = 11.2;
			};
			name = Debug;
		};
		FABCA44C2D74D55400CE57F8 /* Release */ = {
			isa = XCBuildConfiguration;
			buildSettings = {
				ASSETCATALOG_COMPILER_APPICON_NAME = AppIcon;
				ASSETCATALOG_COMPILER_GENERATE_SWIFT_ASSET_SYMBOL_EXTENSIONS = YES;
				ASSETCATALOG_COMPILER_GLOBAL_ACCENT_COLOR_NAME = AccentColor;
				CODE_SIGN_STYLE = Automatic;
				CURRENT_PROJECT_VERSION = 1;
				DEVELOPMENT_ASSET_PATHS = "\"Poker Face watchOS Watch App/Preview Content\"";
				DEVELOPMENT_TEAM = 3F83W36QSV;
				ENABLE_PREVIEWS = YES;
				ENABLE_USER_SCRIPT_SANDBOXING = YES;
				GCC_C_LANGUAGE_STANDARD = gnu17;
				GENERATE_INFOPLIST_FILE = YES;
				INFOPLIST_KEY_CFBundleDisplayName = "Poker Face watchOS";
				INFOPLIST_KEY_UISupportedInterfaceOrientations = "UIInterfaceOrientationPortrait UIInterfaceOrientationPortraitUpsideDown";
				INFOPLIST_KEY_WKCompanionAppBundleIdentifier = "com.alexsmbaratti.Poker-Face";
				LD_RUNPATH_SEARCH_PATHS = (
					"$(inherited)",
					"@executable_path/Frameworks",
				);
				LOCALIZATION_PREFERS_STRING_CATALOGS = YES;
				MARKETING_VERSION = 1.0;
				PRODUCT_BUNDLE_IDENTIFIER = "com.alexsmbaratti.Poker-Face.watchkitapp";
				PRODUCT_NAME = "$(TARGET_NAME)";
				SDKROOT = watchos;
				SKIP_INSTALL = YES;
				SWIFT_EMIT_LOC_STRINGS = YES;
				SWIFT_VERSION = 5.0;
				TARGETED_DEVICE_FAMILY = 4;
				WATCHOS_DEPLOYMENT_TARGET = 11.2;
			};
			name = Release;
		};
		FABCA5392D74E66300CE57F8 /* Debug */ = {
			isa = XCBuildConfiguration;
			buildSettings = {
				ASSETCATALOG_COMPILER_APPICON_NAME = AppIcon;
				ASSETCATALOG_COMPILER_GENERATE_SWIFT_ASSET_SYMBOL_EXTENSIONS = YES;
				ASSETCATALOG_COMPILER_GLOBAL_ACCENT_COLOR_NAME = AccentColor;
				CODE_SIGN_STYLE = Automatic;
				CURRENT_PROJECT_VERSION = 1;
				DEVELOPMENT_ASSET_PATHS = "\"Poker Face visionOS/Preview Content\"";
				DEVELOPMENT_TEAM = 3F83W36QSV;
				ENABLE_PREVIEWS = YES;
				ENABLE_USER_SCRIPT_SANDBOXING = YES;
				GCC_C_LANGUAGE_STANDARD = gnu17;
				GENERATE_INFOPLIST_FILE = YES;
				INFOPLIST_FILE = "$(TARGET_NAME)/Info.plist";
				LD_RUNPATH_SEARCH_PATHS = (
					"$(inherited)",
					"@executable_path/Frameworks",
				);
				LOCALIZATION_PREFERS_STRING_CATALOGS = YES;
				MARKETING_VERSION = 1.0;
				PRODUCT_BUNDLE_IDENTIFIER = "com.alexsmbaratti.Poker-Face-visionOS";
				PRODUCT_NAME = "$(TARGET_NAME)";
				SDKROOT = xros;
				SUPPORTED_PLATFORMS = "xros xrsimulator";
				SWIFT_ACTIVE_COMPILATION_CONDITIONS = "DEBUG $(inherited)";
				SWIFT_EMIT_LOC_STRINGS = YES;
				SWIFT_VERSION = 5.0;
				TARGETED_DEVICE_FAMILY = 7;
				XROS_DEPLOYMENT_TARGET = 2.2;
			};
			name = Debug;
		};
		FABCA53A2D74E66300CE57F8 /* Release */ = {
			isa = XCBuildConfiguration;
			buildSettings = {
				ASSETCATALOG_COMPILER_APPICON_NAME = AppIcon;
				ASSETCATALOG_COMPILER_GENERATE_SWIFT_ASSET_SYMBOL_EXTENSIONS = YES;
				ASSETCATALOG_COMPILER_GLOBAL_ACCENT_COLOR_NAME = AccentColor;
				CODE_SIGN_STYLE = Automatic;
				CURRENT_PROJECT_VERSION = 1;
				DEVELOPMENT_ASSET_PATHS = "\"Poker Face visionOS/Preview Content\"";
				DEVELOPMENT_TEAM = 3F83W36QSV;
				ENABLE_PREVIEWS = YES;
				ENABLE_USER_SCRIPT_SANDBOXING = YES;
				GCC_C_LANGUAGE_STANDARD = gnu17;
				GENERATE_INFOPLIST_FILE = YES;
				INFOPLIST_FILE = "$(TARGET_NAME)/Info.plist";
				LD_RUNPATH_SEARCH_PATHS = (
					"$(inherited)",
					"@executable_path/Frameworks",
				);
				LOCALIZATION_PREFERS_STRING_CATALOGS = YES;
				MARKETING_VERSION = 1.0;
				PRODUCT_BUNDLE_IDENTIFIER = "com.alexsmbaratti.Poker-Face-visionOS";
				PRODUCT_NAME = "$(TARGET_NAME)";
				SDKROOT = xros;
				SUPPORTED_PLATFORMS = "xros xrsimulator";
				SWIFT_EMIT_LOC_STRINGS = YES;
				SWIFT_VERSION = 5.0;
				TARGETED_DEVICE_FAMILY = 7;
				XROS_DEPLOYMENT_TARGET = 2.2;
			};
			name = Release;
		};
		FAEF31A229467EA200B9F75C /* Debug */ = {
			isa = XCBuildConfiguration;
			buildSettings = {
				ALWAYS_SEARCH_USER_PATHS = NO;
				CLANG_ANALYZER_NONNULL = YES;
				CLANG_ANALYZER_NUMBER_OBJECT_CONVERSION = YES_AGGRESSIVE;
				CLANG_CXX_LANGUAGE_STANDARD = "gnu++20";
				CLANG_ENABLE_MODULES = YES;
				CLANG_ENABLE_OBJC_ARC = YES;
				CLANG_ENABLE_OBJC_WEAK = YES;
				CLANG_WARN_BLOCK_CAPTURE_AUTORELEASING = YES;
				CLANG_WARN_BOOL_CONVERSION = YES;
				CLANG_WARN_COMMA = YES;
				CLANG_WARN_CONSTANT_CONVERSION = YES;
				CLANG_WARN_DEPRECATED_OBJC_IMPLEMENTATIONS = YES;
				CLANG_WARN_DIRECT_OBJC_ISA_USAGE = YES_ERROR;
				CLANG_WARN_DOCUMENTATION_COMMENTS = YES;
				CLANG_WARN_EMPTY_BODY = YES;
				CLANG_WARN_ENUM_CONVERSION = YES;
				CLANG_WARN_INFINITE_RECURSION = YES;
				CLANG_WARN_INT_CONVERSION = YES;
				CLANG_WARN_NON_LITERAL_NULL_CONVERSION = YES;
				CLANG_WARN_OBJC_IMPLICIT_RETAIN_SELF = YES;
				CLANG_WARN_OBJC_LITERAL_CONVERSION = YES;
				CLANG_WARN_OBJC_ROOT_CLASS = YES_ERROR;
				CLANG_WARN_QUOTED_INCLUDE_IN_FRAMEWORK_HEADER = YES;
				CLANG_WARN_RANGE_LOOP_ANALYSIS = YES;
				CLANG_WARN_STRICT_PROTOTYPES = YES;
				CLANG_WARN_SUSPICIOUS_MOVE = YES;
				CLANG_WARN_UNGUARDED_AVAILABILITY = YES_AGGRESSIVE;
				CLANG_WARN_UNREACHABLE_CODE = YES;
				CLANG_WARN__DUPLICATE_METHOD_MATCH = YES;
				COPY_PHASE_STRIP = NO;
				DEBUG_INFORMATION_FORMAT = dwarf;
				ENABLE_STRICT_OBJC_MSGSEND = YES;
				ENABLE_TESTABILITY = YES;
				GCC_C_LANGUAGE_STANDARD = gnu11;
				GCC_DYNAMIC_NO_PIC = NO;
				GCC_NO_COMMON_BLOCKS = YES;
				GCC_OPTIMIZATION_LEVEL = 0;
				GCC_PREPROCESSOR_DEFINITIONS = (
					"DEBUG=1",
					"$(inherited)",
				);
				GCC_WARN_64_TO_32_BIT_CONVERSION = YES;
				GCC_WARN_ABOUT_RETURN_TYPE = YES_ERROR;
				GCC_WARN_UNDECLARED_SELECTOR = YES;
				GCC_WARN_UNINITIALIZED_AUTOS = YES_AGGRESSIVE;
				GCC_WARN_UNUSED_FUNCTION = YES;
				GCC_WARN_UNUSED_VARIABLE = YES;
				IPHONEOS_DEPLOYMENT_TARGET = 16.1;
				MTL_ENABLE_DEBUG_INFO = INCLUDE_SOURCE;
				MTL_FAST_MATH = YES;
				ONLY_ACTIVE_ARCH = YES;
				SDKROOT = iphoneos;
				SWIFT_ACTIVE_COMPILATION_CONDITIONS = DEBUG;
				SWIFT_OPTIMIZATION_LEVEL = "-Onone";
			};
			name = Debug;
		};
		FAEF31A329467EA200B9F75C /* Release */ = {
			isa = XCBuildConfiguration;
			buildSettings = {
				ALWAYS_SEARCH_USER_PATHS = NO;
				CLANG_ANALYZER_NONNULL = YES;
				CLANG_ANALYZER_NUMBER_OBJECT_CONVERSION = YES_AGGRESSIVE;
				CLANG_CXX_LANGUAGE_STANDARD = "gnu++20";
				CLANG_ENABLE_MODULES = YES;
				CLANG_ENABLE_OBJC_ARC = YES;
				CLANG_ENABLE_OBJC_WEAK = YES;
				CLANG_WARN_BLOCK_CAPTURE_AUTORELEASING = YES;
				CLANG_WARN_BOOL_CONVERSION = YES;
				CLANG_WARN_COMMA = YES;
				CLANG_WARN_CONSTANT_CONVERSION = YES;
				CLANG_WARN_DEPRECATED_OBJC_IMPLEMENTATIONS = YES;
				CLANG_WARN_DIRECT_OBJC_ISA_USAGE = YES_ERROR;
				CLANG_WARN_DOCUMENTATION_COMMENTS = YES;
				CLANG_WARN_EMPTY_BODY = YES;
				CLANG_WARN_ENUM_CONVERSION = YES;
				CLANG_WARN_INFINITE_RECURSION = YES;
				CLANG_WARN_INT_CONVERSION = YES;
				CLANG_WARN_NON_LITERAL_NULL_CONVERSION = YES;
				CLANG_WARN_OBJC_IMPLICIT_RETAIN_SELF = YES;
				CLANG_WARN_OBJC_LITERAL_CONVERSION = YES;
				CLANG_WARN_OBJC_ROOT_CLASS = YES_ERROR;
				CLANG_WARN_QUOTED_INCLUDE_IN_FRAMEWORK_HEADER = YES;
				CLANG_WARN_RANGE_LOOP_ANALYSIS = YES;
				CLANG_WARN_STRICT_PROTOTYPES = YES;
				CLANG_WARN_SUSPICIOUS_MOVE = YES;
				CLANG_WARN_UNGUARDED_AVAILABILITY = YES_AGGRESSIVE;
				CLANG_WARN_UNREACHABLE_CODE = YES;
				CLANG_WARN__DUPLICATE_METHOD_MATCH = YES;
				COPY_PHASE_STRIP = NO;
				DEBUG_INFORMATION_FORMAT = "dwarf-with-dsym";
				ENABLE_NS_ASSERTIONS = NO;
				ENABLE_STRICT_OBJC_MSGSEND = YES;
				GCC_C_LANGUAGE_STANDARD = gnu11;
				GCC_NO_COMMON_BLOCKS = YES;
				GCC_WARN_64_TO_32_BIT_CONVERSION = YES;
				GCC_WARN_ABOUT_RETURN_TYPE = YES_ERROR;
				GCC_WARN_UNDECLARED_SELECTOR = YES;
				GCC_WARN_UNINITIALIZED_AUTOS = YES_AGGRESSIVE;
				GCC_WARN_UNUSED_FUNCTION = YES;
				GCC_WARN_UNUSED_VARIABLE = YES;
				IPHONEOS_DEPLOYMENT_TARGET = 16.1;
				MTL_ENABLE_DEBUG_INFO = NO;
				MTL_FAST_MATH = YES;
				SDKROOT = iphoneos;
				SWIFT_COMPILATION_MODE = wholemodule;
				SWIFT_OPTIMIZATION_LEVEL = "-O";
				VALIDATE_PRODUCT = YES;
			};
			name = Release;
		};
		FAEF31A529467EA200B9F75C /* Debug */ = {
			isa = XCBuildConfiguration;
			buildSettings = {
				ASSETCATALOG_COMPILER_APPICON_NAME = AppIcon;
				ASSETCATALOG_COMPILER_GLOBAL_ACCENT_COLOR_NAME = AccentColor;
				CODE_SIGN_STYLE = Automatic;
				CURRENT_PROJECT_VERSION = 1;
				DEVELOPMENT_ASSET_PATHS = "\"Poker Face/Preview Content\"";
				DEVELOPMENT_TEAM = 3F83W36QSV;
				ENABLE_PREVIEWS = YES;
				GENERATE_INFOPLIST_FILE = YES;
				INFOPLIST_KEY_CFBundleDisplayName = "Poker Reference";
				INFOPLIST_KEY_LSApplicationCategoryType = "public.app-category.card-games";
				INFOPLIST_KEY_UIApplicationSceneManifest_Generation = YES;
				INFOPLIST_KEY_UIApplicationSupportsIndirectInputEvents = YES;
				INFOPLIST_KEY_UILaunchScreen_Generation = YES;
				INFOPLIST_KEY_UISupportedInterfaceOrientations_iPad = "UIInterfaceOrientationPortrait UIInterfaceOrientationPortraitUpsideDown UIInterfaceOrientationLandscapeLeft UIInterfaceOrientationLandscapeRight";
				INFOPLIST_KEY_UISupportedInterfaceOrientations_iPhone = "UIInterfaceOrientationPortrait UIInterfaceOrientationLandscapeLeft UIInterfaceOrientationLandscapeRight";
				LD_RUNPATH_SEARCH_PATHS = (
					"$(inherited)",
					"@executable_path/Frameworks",
				);
				MARKETING_VERSION = 1.0;
				PRODUCT_BUNDLE_IDENTIFIER = "com.alexsmbaratti.Poker-Face";
				PRODUCT_NAME = "$(TARGET_NAME)";
				SUPPORTED_PLATFORMS = "iphoneos iphonesimulator";
				SUPPORTS_MACCATALYST = NO;
				SUPPORTS_XR_DESIGNED_FOR_IPHONE_IPAD = NO;
				SWIFT_EMIT_LOC_STRINGS = YES;
				SWIFT_VERSION = 5.0;
				TARGETED_DEVICE_FAMILY = "1,2";
			};
			name = Debug;
		};
		FAEF31A629467EA200B9F75C /* Release */ = {
			isa = XCBuildConfiguration;
			buildSettings = {
				ASSETCATALOG_COMPILER_APPICON_NAME = AppIcon;
				ASSETCATALOG_COMPILER_GLOBAL_ACCENT_COLOR_NAME = AccentColor;
				CODE_SIGN_STYLE = Automatic;
				CURRENT_PROJECT_VERSION = 1;
				DEVELOPMENT_ASSET_PATHS = "\"Poker Face/Preview Content\"";
				DEVELOPMENT_TEAM = 3F83W36QSV;
				ENABLE_PREVIEWS = YES;
				GENERATE_INFOPLIST_FILE = YES;
				INFOPLIST_KEY_CFBundleDisplayName = "Poker Reference";
				INFOPLIST_KEY_LSApplicationCategoryType = "public.app-category.card-games";
				INFOPLIST_KEY_UIApplicationSceneManifest_Generation = YES;
				INFOPLIST_KEY_UIApplicationSupportsIndirectInputEvents = YES;
				INFOPLIST_KEY_UILaunchScreen_Generation = YES;
				INFOPLIST_KEY_UISupportedInterfaceOrientations_iPad = "UIInterfaceOrientationPortrait UIInterfaceOrientationPortraitUpsideDown UIInterfaceOrientationLandscapeLeft UIInterfaceOrientationLandscapeRight";
				INFOPLIST_KEY_UISupportedInterfaceOrientations_iPhone = "UIInterfaceOrientationPortrait UIInterfaceOrientationLandscapeLeft UIInterfaceOrientationLandscapeRight";
				LD_RUNPATH_SEARCH_PATHS = (
					"$(inherited)",
					"@executable_path/Frameworks",
				);
				MARKETING_VERSION = 1.0;
				PRODUCT_BUNDLE_IDENTIFIER = "com.alexsmbaratti.Poker-Face";
				PRODUCT_NAME = "$(TARGET_NAME)";
				SUPPORTED_PLATFORMS = "iphoneos iphonesimulator";
				SUPPORTS_MACCATALYST = NO;
				SUPPORTS_XR_DESIGNED_FOR_IPHONE_IPAD = NO;
				SWIFT_EMIT_LOC_STRINGS = YES;
				SWIFT_VERSION = 5.0;
				TARGETED_DEVICE_FAMILY = "1,2";
			};
			name = Release;
		};
/* End XCBuildConfiguration section */

/* Begin XCConfigurationList section */
		FAB4FB92294ACED600B7B1D1 /* Build configuration list for PBXNativeTarget "Poker FaceTests" */ = {
			isa = XCConfigurationList;
			buildConfigurations = (
				FAB4FB90294ACED600B7B1D1 /* Debug */,
				FAB4FB91294ACED600B7B1D1 /* Release */,
			);
			defaultConfigurationIsVisible = 0;
			defaultConfigurationName = Release;
		};
		FABCA44D2D74D55400CE57F8 /* Build configuration list for PBXNativeTarget "Poker Face watchOS Watch App" */ = {
			isa = XCConfigurationList;
			buildConfigurations = (
				FABCA44B2D74D55400CE57F8 /* Debug */,
				FABCA44C2D74D55400CE57F8 /* Release */,
			);
			defaultConfigurationIsVisible = 0;
			defaultConfigurationName = Release;
		};
		FABCA5382D74E66300CE57F8 /* Build configuration list for PBXNativeTarget "Poker Face visionOS" */ = {
			isa = XCConfigurationList;
			buildConfigurations = (
				FABCA5392D74E66300CE57F8 /* Debug */,
				FABCA53A2D74E66300CE57F8 /* Release */,
			);
			defaultConfigurationIsVisible = 0;
			defaultConfigurationName = Release;
		};
		FAEF319129467EA100B9F75C /* Build configuration list for PBXProject "Poker Face" */ = {
			isa = XCConfigurationList;
			buildConfigurations = (
				FAEF31A229467EA200B9F75C /* Debug */,
				FAEF31A329467EA200B9F75C /* Release */,
			);
			defaultConfigurationIsVisible = 0;
			defaultConfigurationName = Release;
		};
		FAEF31A429467EA200B9F75C /* Build configuration list for PBXNativeTarget "Poker Face" */ = {
			isa = XCConfigurationList;
			buildConfigurations = (
				FAEF31A529467EA200B9F75C /* Debug */,
				FAEF31A629467EA200B9F75C /* Release */,
			);
			defaultConfigurationIsVisible = 0;
			defaultConfigurationName = Release;
		};
/* End XCConfigurationList section */
	};
	rootObject = FAEF318E29467EA100B9F75C /* Project object */;
}
